
Microsoft Visual Studio Solution File, Format Version 12.00
# Visual Studio Version 17
VisualStudioVersion = 17.5.33414.496
MinimumVisualStudioVersion = 10.0.40219.1
Project("{FAE04EC0-301F-11D3-BF4B-00C04F79EFBC}") = "modul8_1302210098", "modul8_1302210098\modul8_1302210098.csproj", "{AF993405-1289-41E5-84DD-6196F4424E01}"
EndProject
Global
	GlobalSection(SolutionConfigurationPlatforms) = preSolution
		Debug|Any CPU = Debug|Any CPU
		Release|Any CPU = Release|Any CPU
	EndGlobalSection
	GlobalSection(ProjectConfigurationPlatforms) = postSolution
		{AF993405-1289-41E5-84DD-6196F4424E01}.Debug|Any CPU.ActiveCfg = Debug|Any CPU
		{AF993405-1289-41E5-84DD-6196F4424E01}.Debug|Any CPU.Build.0 = Debug|Any CPU
		{AF993405-1289-41E5-84DD-6196F4424E01}.Release|Any CPU.ActiveCfg = Release|Any CPU
		{AF993405-1289-41E5-84DD-6196F4424E01}.Release|Any CPU.Build.0 = Release|Any CPU
	EndGlobalSection
	GlobalSection(SolutionProperties) = preSolution
		HideSolutionNode = FALSE
	EndGlobalSection
	GlobalSection(ExtensibilityGlobals) = postSolution
		SolutionGuid = {A144480F-304E-450C-AEEF-A1898F7A8011}
	EndGlobalSection
EndGlobal
